
Microsoft Visual Studio Solution File, Format Version 12.00
# Visual Studio 15
VisualStudioVersion = 15.0.28307.106
MinimumVisualStudioVersion = 10.0.40219.1
Project("{FAE04EC0-301F-11D3-BF4B-00C04F79EFBC}") = "FeelApp", "FeelApp\FeelApp\FeelApp.csproj", "{46E92E95-4B29-41E0-B34E-1EF944A89820}"
EndProject
Project("{FAE04EC0-301F-11D3-BF4B-00C04F79EFBC}") = "FeelApp.iOS", "FeelApp\FeelApp.iOS\FeelApp.iOS.csproj", "{0C916AD1-5982-46E0-9107-4B557889749D}"
EndProject
Project("{FAE04EC0-301F-11D3-BF4B-00C04F79EFBC}") = "FeelApp.Android", "FeelApp\FeelApp.Android\FeelApp.Android.csproj", "{EF2B5152-BF8C-41BF-AEBC-27AD70E8D4A2}"
EndProject
Global
	GlobalSection(SolutionConfigurationPlatforms) = preSolution
		Ad-Hoc|Any CPU = Ad-Hoc|Any CPU
		Ad-Hoc|iPhone = Ad-Hoc|iPhone
		Ad-Hoc|iPhoneSimulator = Ad-Hoc|iPhoneSimulator
		AppStore|Any CPU = AppStore|Any CPU
		AppStore|iPhone = AppStore|iPhone
		AppStore|iPhoneSimulator = AppStore|iPhoneSimulator
		Debug|Any CPU = Debug|Any CPU
		Debug|iPhone = Debug|iPhone
		Debug|iPhoneSimulator = Debug|iPhoneSimulator
		Release|Any CPU = Release|Any CPU
		Release|iPhone = Release|iPhone
		Release|iPhoneSimulator = Release|iPhoneSimulator
	EndGlobalSection
	GlobalSection(ProjectConfigurationPlatforms) = postSolution
		{46E92E95-4B29-41E0-B34E-1EF944A89820}.Ad-Hoc|Any CPU.ActiveCfg = Debug|Any CPU
		{46E92E95-4B29-41E0-B34E-1EF944A89820}.Ad-Hoc|Any CPU.Build.0 = Debug|Any CPU
		{46E92E95-4B29-41E0-B34E-1EF944A89820}.Ad-Hoc|iPhone.ActiveCfg = Debug|Any CPU
		{46E92E95-4B29-41E0-B34E-1EF944A89820}.Ad-Hoc|iPhone.Build.0 = Debug|Any CPU
		{46E92E95-4B29-41E0-B34E-1EF944A89820}.Ad-Hoc|iPhoneSimulator.ActiveCfg = Debug|Any CPU
		{46E92E95-4B29-41E0-B34E-1EF944A89820}.Ad-Hoc|iPhoneSimulator.Build.0 = Debug|Any CPU
		{46E92E95-4B29-41E0-B34E-1EF944A89820}.AppStore|Any CPU.ActiveCfg = Debug|Any CPU
		{46E92E95-4B29-41E0-B34E-1EF944A89820}.AppStore|Any CPU.Build.0 = Debug|Any CPU
		{46E92E95-4B29-41E0-B34E-1EF944A89820}.AppStore|iPhone.ActiveCfg = Debug|Any CPU
		{46E92E95-4B29-41E0-B34E-1EF944A89820}.AppStore|iPhone.Build.0 = Debug|Any CPU
		{46E92E95-4B29-41E0-B34E-1EF944A89820}.AppStore|iPhoneSimulator.ActiveCfg = Debug|Any CPU
		{46E92E95-4B29-41E0-B34E-1EF944A89820}.AppStore|iPhoneSimulator.Build.0 = Debug|Any CPU
		{46E92E95-4B29-41E0-B34E-1EF944A89820}.Debug|Any CPU.ActiveCfg = Debug|Any CPU
		{46E92E95-4B29-41E0-B34E-1EF944A89820}.Debug|Any CPU.Build.0 = Debug|Any CPU
		{46E92E95-4B29-41E0-B34E-1EF944A89820}.Debug|iPhone.ActiveCfg = Debug|Any CPU
		{46E92E95-4B29-41E0-B34E-1EF944A89820}.Debug|iPhone.Build.0 = Debug|Any CPU
		{46E92E95-4B29-41E0-B34E-1EF944A89820}.Debug|iPhoneSimulator.ActiveCfg = Debug|Any CPU
		{46E92E95-4B29-41E0-B34E-1EF944A89820}.Debug|iPhoneSimulator.Build.0 = Debug|Any CPU
		{46E92E95-4B29-41E0-B34E-1EF944A89820}.Release|Any CPU.ActiveCfg = Release|Any CPU
		{46E92E95-4B29-41E0-B34E-1EF944A89820}.Release|Any CPU.Build.0 = Release|Any CPU
		{46E92E95-4B29-41E0-B34E-1EF944A89820}.Release|iPhone.ActiveCfg = Release|Any CPU
		{46E92E95-4B29-41E0-B34E-1EF944A89820}.Release|iPhone.Build.0 = Release|Any CPU
		{46E92E95-4B29-41E0-B34E-1EF944A89820}.Release|iPhoneSimulator.ActiveCfg = Release|Any CPU
		{46E92E95-4B29-41E0-B34E-1EF944A89820}.Release|iPhoneSimulator.Build.0 = Release|Any CPU
		{0C916AD1-5982-46E0-9107-4B557889749D}.Ad-Hoc|Any CPU.ActiveCfg = Ad-Hoc|iPhone
		{0C916AD1-5982-46E0-9107-4B557889749D}.Ad-Hoc|iPhone.ActiveCfg = Ad-Hoc|iPhone
		{0C916AD1-5982-46E0-9107-4B557889749D}.Ad-Hoc|iPhone.Build.0 = Ad-Hoc|iPhone
		{0C916AD1-5982-46E0-9107-4B557889749D}.Ad-Hoc|iPhoneSimulator.ActiveCfg = Ad-Hoc|iPhoneSimulator
		{0C916AD1-5982-46E0-9107-4B557889749D}.Ad-Hoc|iPhoneSimulator.Build.0 = Ad-Hoc|iPhoneSimulator
		{0C916AD1-5982-46E0-9107-4B557889749D}.AppStore|Any CPU.ActiveCfg = AppStore|iPhone
		{0C916AD1-5982-46E0-9107-4B557889749D}.AppStore|iPhone.ActiveCfg = AppStore|iPhone
		{0C916AD1-5982-46E0-9107-4B557889749D}.AppStore|iPhone.Build.0 = AppStore|iPhone
		{0C916AD1-5982-46E0-9107-4B557889749D}.AppStore|iPhoneSimulator.ActiveCfg = AppStore|iPhoneSimulator
		{0C916AD1-5982-46E0-9107-4B557889749D}.AppStore|iPhoneSimulator.Build.0 = AppStore|iPhoneSimulator
		{0C916AD1-5982-46E0-9107-4B557889749D}.Debug|Any CPU.ActiveCfg = Debug|iPhone
		{0C916AD1-5982-46E0-9107-4B557889749D}.Debug|iPhone.ActiveCfg = Debug|iPhone
		{0C916AD1-5982-46E0-9107-4B557889749D}.Debug|iPhone.Build.0 = Debug|iPhone
		{0C916AD1-5982-46E0-9107-4B557889749D}.Debug|iPhoneSimulator.ActiveCfg = Debug|iPhoneSimulator
		{0C916AD1-5982-46E0-9107-4B557889749D}.Debug|iPhoneSimulator.Build.0 = Debug|iPhoneSimulator
		{0C916AD1-5982-46E0-9107-4B557889749D}.Release|Any CPU.ActiveCfg = Release|iPhone
		{0C916AD1-5982-46E0-9107-4B557889749D}.Release|iPhone.ActiveCfg = Release|iPhone
		{0C916AD1-5982-46E0-9107-4B557889749D}.Release|iPhone.Build.0 = Release|iPhone
		{0C916AD1-5982-46E0-9107-4B557889749D}.Release|iPhoneSimulator.ActiveCfg = Release|iPhoneSimulator
		{0C916AD1-5982-46E0-9107-4B557889749D}.Release|iPhoneSimulator.Build.0 = Release|iPhoneSimulator
		{EF2B5152-BF8C-41BF-AEBC-27AD70E8D4A2}.Ad-Hoc|Any CPU.ActiveCfg = Release|Any CPU
		{EF2B5152-BF8C-41BF-AEBC-27AD70E8D4A2}.Ad-Hoc|Any CPU.Build.0 = Release|Any CPU
		{EF2B5152-BF8C-41BF-AEBC-27AD70E8D4A2}.Ad-Hoc|Any CPU.Deploy.0 = Release|Any CPU
		{EF2B5152-BF8C-41BF-AEBC-27AD70E8D4A2}.Ad-Hoc|iPhone.ActiveCfg = Release|Any CPU
		{EF2B5152-BF8C-41BF-AEBC-27AD70E8D4A2}.Ad-Hoc|iPhone.Build.0 = Release|Any CPU
		{EF2B5152-BF8C-41BF-AEBC-27AD70E8D4A2}.Ad-Hoc|iPhone.Deploy.0 = Release|Any CPU
		{EF2B5152-BF8C-41BF-AEBC-27AD70E8D4A2}.Ad-Hoc|iPhoneSimulator.ActiveCfg = Release|Any CPU
		{EF2B5152-BF8C-41BF-AEBC-27AD70E8D4A2}.Ad-Hoc|iPhoneSimulator.Build.0 = Release|Any CPU
		{EF2B5152-BF8C-41BF-AEBC-27AD70E8D4A2}.Ad-Hoc|iPhoneSimulator.Deploy.0 = Release|Any CPU
		{EF2B5152-BF8C-41BF-AEBC-27AD70E8D4A2}.AppStore|Any CPU.ActiveCfg = Release|Any CPU
		{EF2B5152-BF8C-41BF-AEBC-27AD70E8D4A2}.AppStore|Any CPU.Build.0 = Release|Any CPU
		{EF2B5152-BF8C-41BF-AEBC-27AD70E8D4A2}.AppStore|Any CPU.Deploy.0 = Release|Any CPU
		{EF2B5152-BF8C-41BF-AEBC-27AD70E8D4A2}.AppStore|iPhone.ActiveCfg = Release|Any CPU
		{EF2B5152-BF8C-41BF-AEBC-27AD70E8D4A2}.AppStore|iPhone.Build.0 = Release|Any CPU
		{EF2B5152-BF8C-41BF-AEBC-27AD70E8D4A2}.AppStore|iPhone.Deploy.0 = Release|Any CPU
		{EF2B5152-BF8C-41BF-AEBC-27AD70E8D4A2}.AppStore|iPhoneSimulator.ActiveCfg = Release|Any CPU
		{EF2B5152-BF8C-41BF-AEBC-27AD70E8D4A2}.AppStore|iPhoneSimulator.Build.0 = Release|Any CPU
		{EF2B5152-BF8C-41BF-AEBC-27AD70E8D4A2}.AppStore|iPhoneSimulator.Deploy.0 = Release|Any CPU
		{EF2B5152-BF8C-41BF-AEBC-27AD70E8D4A2}.Debug|Any CPU.ActiveCfg = Debug|Any CPU
		{EF2B5152-BF8C-41BF-AEBC-27AD70E8D4A2}.Debug|Any CPU.Build.0 = Debug|Any CPU
		{EF2B5152-BF8C-41BF-AEBC-27AD70E8D4A2}.Debug|Any CPU.Deploy.0 = Debug|Any CPU
		{EF2B5152-BF8C-41BF-AEBC-27AD70E8D4A2}.Debug|iPhone.ActiveCfg = Debug|Any CPU
		{EF2B5152-BF8C-41BF-AEBC-27AD70E8D4A2}.Debug|iPhone.Build.0 = Debug|Any CPU
		{EF2B5152-BF8C-41BF-AEBC-27AD70E8D4A2}.Debug|iPhone.Deploy.0 = Debug|Any CPU
		{EF2B5152-BF8C-41BF-AEBC-27AD70E8D4A2}.Debug|iPhoneSimulator.ActiveCfg = Debug|Any CPU
		{EF2B5152-BF8C-41BF-AEBC-27AD70E8D4A2}.Debug|iPhoneSimulator.Build.0 = Debug|Any CPU
		{EF2B5152-BF8C-41BF-AEBC-27AD70E8D4A2}.Debug|iPhoneSimulator.Deploy.0 = Debug|Any CPU
		{EF2B5152-BF8C-41BF-AEBC-27AD70E8D4A2}.Release|Any CPU.ActiveCfg = Release|Any CPU
		{EF2B5152-BF8C-41BF-AEBC-27AD70E8D4A2}.Release|Any CPU.Build.0 = Release|Any CPU
		{EF2B5152-BF8C-41BF-AEBC-27AD70E8D4A2}.Release|Any CPU.Deploy.0 = Release|Any CPU
		{EF2B5152-BF8C-41BF-AEBC-27AD70E8D4A2}.Release|iPhone.ActiveCfg = Release|Any CPU
		{EF2B5152-BF8C-41BF-AEBC-27AD70E8D4A2}.Release|iPhone.Build.0 = Release|Any CPU
		{EF2B5152-BF8C-41BF-AEBC-27AD70E8D4A2}.Release|iPhone.Deploy.0 = Release|Any CPU
		{EF2B5152-BF8C-41BF-AEBC-27AD70E8D4A2}.Release|iPhoneSimulator.ActiveCfg = Release|Any CPU
		{EF2B5152-BF8C-41BF-AEBC-27AD70E8D4A2}.Release|iPhoneSimulator.Build.0 = Release|Any CPU
		{EF2B5152-BF8C-41BF-AEBC-27AD70E8D4A2}.Release|iPhoneSimulator.Deploy.0 = Release|Any CPU
	EndGlobalSection
	GlobalSection(SolutionProperties) = preSolution
		HideSolutionNode = FALSE
	EndGlobalSection
	GlobalSection(ExtensibilityGlobals) = postSolution
		SolutionGuid = {C54F0E57-8EF1-45F8-88CA-5349613FDFC4}
	EndGlobalSection
EndGlobal
